// !$*UTF8*$!
{
	archiveVersion = 1;
	classes = {
	};
	objectVersion = 46;
	objects = {

/* Begin PBXBuildFile section */
		19354457665C6C0C8AF6FAC3 /* Pods_MyGithub.framework in Frameworks */ = {isa = PBXBuildFile; fileRef = E0511C0058B8140B59F02A33 /* Pods_MyGithub.framework */; };
		7107A8671D09D8A200DD3690 /* AppDelegate.swift in Sources */ = {isa = PBXBuildFile; fileRef = 7107A8661D09D8A200DD3690 /* AppDelegate.swift */; };
		7107A8691D09D8A200DD3690 /* ProfileTableViewController.swift in Sources */ = {isa = PBXBuildFile; fileRef = 7107A8681D09D8A200DD3690 /* ProfileTableViewController.swift */; };
		7107A86C1D09D8A200DD3690 /* Main.storyboard in Resources */ = {isa = PBXBuildFile; fileRef = 7107A86A1D09D8A200DD3690 /* Main.storyboard */; };
		7107A86E1D09D8A300DD3690 /* Assets.xcassets in Resources */ = {isa = PBXBuildFile; fileRef = 7107A86D1D09D8A300DD3690 /* Assets.xcassets */; };
		7107A8711D09D8A300DD3690 /* LaunchScreen.storyboard in Resources */ = {isa = PBXBuildFile; fileRef = 7107A86F1D09D8A300DD3690 /* LaunchScreen.storyboard */; };
		7107A87C1D09D8A300DD3690 /* MyGithubTests.swift in Sources */ = {isa = PBXBuildFile; fileRef = 7107A87B1D09D8A300DD3690 /* MyGithubTests.swift */; };
		7107A8871D09D8A300DD3690 /* MyGithubUITests.swift in Sources */ = {isa = PBXBuildFile; fileRef = 7107A8861D09D8A300DD3690 /* MyGithubUITests.swift */; };
		71154DA51D0F50E900C38FF1 /* Profile.swift in Sources */ = {isa = PBXBuildFile; fileRef = 71154DA41D0F50E900C38FF1 /* Profile.swift */; };
		71154DA71D0F6BAE00C38FF1 /* Repository.swift in Sources */ = {isa = PBXBuildFile; fileRef = 71154DA61D0F6BAE00C38FF1 /* Repository.swift */; };
		713DF8601D0B3E40005262CE /* RepositoriesTableViewController.swift in Sources */ = {isa = PBXBuildFile; fileRef = 713DF85F1D0B3E40005262CE /* RepositoriesTableViewController.swift */; };
		713DF8621D0B4050005262CE /* IssuesTableViewController.swift in Sources */ = {isa = PBXBuildFile; fileRef = 713DF8611D0B4050005262CE /* IssuesTableViewController.swift */; };
		713DF8691D0B414D005262CE /* RepositoryTableViewCell.swift in Sources */ = {isa = PBXBuildFile; fileRef = 713DF8681D0B414D005262CE /* RepositoryTableViewCell.swift */; };
		713DF86B1D0B4162005262CE /* IssuesTableViewCell.swift in Sources */ = {isa = PBXBuildFile; fileRef = 713DF86A1D0B4162005262CE /* IssuesTableViewCell.swift */; };
		715366DF1D10BFD40090F8B2 /* TimestampHelper.swift in Sources */ = {isa = PBXBuildFile; fileRef = 715366DE1D10BFD40090F8B2 /* TimestampHelper.swift */; };
		715366E11D11135E0090F8B2 /* NewIssueTableViewController.swift in Sources */ = {isa = PBXBuildFile; fileRef = 715366E01D11135E0090F8B2 /* NewIssueTableViewController.swift */; };
		715366E31D113D400090F8B2 /* IssueDetailTableViewController.swift in Sources */ = {isa = PBXBuildFile; fileRef = 715366E21D113D400090F8B2 /* IssueDetailTableViewController.swift */; };
		715366E51D1142FA0090F8B2 /* IssueDetailTableViewCell.swift in Sources */ = {isa = PBXBuildFile; fileRef = 715366E41D1142FA0090F8B2 /* IssueDetailTableViewCell.swift */; };
		715366E71D114F220090F8B2 /* AboutTableViewController.swift in Sources */ = {isa = PBXBuildFile; fileRef = 715366E61D114F220090F8B2 /* AboutTableViewController.swift */; };
		715366E91D1158530090F8B2 /* EditIssueTableViewController.swift in Sources */ = {isa = PBXBuildFile; fileRef = 715366E81D1158530090F8B2 /* EditIssueTableViewController.swift */; };
		715FC70A1D0FC7260089F5F0 /* Issue.swift in Sources */ = {isa = PBXBuildFile; fileRef = 715FC7091D0FC7260089F5F0 /* Issue.swift */; };
		71B2A0DC1D21874100971943 /* Constants.swift in Sources */ = {isa = PBXBuildFile; fileRef = 71B2A0DB1D21874100971943 /* Constants.swift */; };
		71B2A0DE1D218E8000971943 /* Colors.swift in Sources */ = {isa = PBXBuildFile; fileRef = 71B2A0DD1D218E8000971943 /* Colors.swift */; };
		71B393A31D1C15EB0033827A /* Contents.json in Resources */ = {isa = PBXBuildFile; fileRef = 71B3937B1D1C15EB0033827A /* Contents.json */; };
		71B393A41D1C15EB0033827A /* Icon-40.png in Resources */ = {isa = PBXBuildFile; fileRef = 71B3937C1D1C15EB0033827A /* Icon-40.png */; };
		71B393A51D1C15EB0033827A /* Icon-40@2x.png in Resources */ = {isa = PBXBuildFile; fileRef = 71B3937D1D1C15EB0033827A /* Icon-40@2x.png */; };
		71B393A61D1C15EB0033827A /* Icon-40@3x.png in Resources */ = {isa = PBXBuildFile; fileRef = 71B3937E1D1C15EB0033827A /* Icon-40@3x.png */; };
		71B393A71D1C15EB0033827A /* Icon-60@2x.png in Resources */ = {isa = PBXBuildFile; fileRef = 71B3937F1D1C15EB0033827A /* Icon-60@2x.png */; };
		71B393A81D1C15EB0033827A /* Icon-60@3x.png in Resources */ = {isa = PBXBuildFile; fileRef = 71B393801D1C15EB0033827A /* Icon-60@3x.png */; };
		71B393A91D1C15EB0033827A /* Icon-76.png in Resources */ = {isa = PBXBuildFile; fileRef = 71B393811D1C15EB0033827A /* Icon-76.png */; };
		71B393AA1D1C15EB0033827A /* Icon-76@2x.png in Resources */ = {isa = PBXBuildFile; fileRef = 71B393821D1C15EB0033827A /* Icon-76@2x.png */; };
		71B393AB1D1C15EB0033827A /* Icon-83.5@2x.png in Resources */ = {isa = PBXBuildFile; fileRef = 71B393831D1C15EB0033827A /* Icon-83.5@2x.png */; };
		71B393AC1D1C15EB0033827A /* Icon-Small.png in Resources */ = {isa = PBXBuildFile; fileRef = 71B393841D1C15EB0033827A /* Icon-Small.png */; };
		71B393AD1D1C15EB0033827A /* Icon-Small@2x.png in Resources */ = {isa = PBXBuildFile; fileRef = 71B393851D1C15EB0033827A /* Icon-Small@2x.png */; };
		71B393AE1D1C15EB0033827A /* Icon-Small@3x.png in Resources */ = {isa = PBXBuildFile; fileRef = 71B393861D1C15EB0033827A /* Icon-Small@3x.png */; };
		71B393AF1D1C15EB0033827A /* Icon-60.png in Resources */ = {isa = PBXBuildFile; fileRef = 71B393871D1C15EB0033827A /* Icon-60.png */; };
		71B393B01D1C15EB0033827A /* Icon-72.png in Resources */ = {isa = PBXBuildFile; fileRef = 71B393881D1C15EB0033827A /* Icon-72.png */; };
		71B393B11D1C15EB0033827A /* Icon-72@2x.png in Resources */ = {isa = PBXBuildFile; fileRef = 71B393891D1C15EB0033827A /* Icon-72@2x.png */; };
		71B393B21D1C15EB0033827A /* Icon-Small-50.png in Resources */ = {isa = PBXBuildFile; fileRef = 71B3938A1D1C15EB0033827A /* Icon-Small-50.png */; };
		71B393B31D1C15EB0033827A /* Icon-Small-50@2x.png in Resources */ = {isa = PBXBuildFile; fileRef = 71B3938B1D1C15EB0033827A /* Icon-Small-50@2x.png */; };
		71B393B41D1C15EB0033827A /* Icon.png in Resources */ = {isa = PBXBuildFile; fileRef = 71B3938C1D1C15EB0033827A /* Icon.png */; };
		71B393B51D1C15EB0033827A /* Icon@2x.png in Resources */ = {isa = PBXBuildFile; fileRef = 71B3938D1D1C15EB0033827A /* Icon@2x.png */; };
		71B393B61D1C15EB0033827A /* iTunesArtwork.png in Resources */ = {isa = PBXBuildFile; fileRef = 71B3938E1D1C15EB0033827A /* iTunesArtwork.png */; };
		71B393B71D1C15EB0033827A /* iTunesArtwork@2x.png in Resources */ = {isa = PBXBuildFile; fileRef = 71B3938F1D1C15EB0033827A /* iTunesArtwork@2x.png */; };
		71B393B81D1C15EB0033827A /* README.md in Sources */ = {isa = PBXBuildFile; fileRef = 71B393901D1C15EB0033827A /* README.md */; };
		71B393B91D1C15EB0033827A /* Icon-60.png in Resources */ = {isa = PBXBuildFile; fileRef = 71B393921D1C15EB0033827A /* Icon-60.png */; };
		71B393BA1D1C15EB0033827A /* Icon-60@2x.png in Resources */ = {isa = PBXBuildFile; fileRef = 71B393931D1C15EB0033827A /* Icon-60@2x.png */; };
		71B393BB1D1C15EB0033827A /* Icon-60@3x.png in Resources */ = {isa = PBXBuildFile; fileRef = 71B393941D1C15EB0033827A /* Icon-60@3x.png */; };
		71B393BC1D1C15EB0033827A /* Icon-72.png in Resources */ = {isa = PBXBuildFile; fileRef = 71B393951D1C15EB0033827A /* Icon-72.png */; };
		71B393BD1D1C15EB0033827A /* Icon-72@2x.png in Resources */ = {isa = PBXBuildFile; fileRef = 71B393961D1C15EB0033827A /* Icon-72@2x.png */; };
		71B393BE1D1C15EB0033827A /* Icon-76.png in Resources */ = {isa = PBXBuildFile; fileRef = 71B393971D1C15EB0033827A /* Icon-76.png */; };
		71B393BF1D1C15EB0033827A /* Icon-76@2x.png in Resources */ = {isa = PBXBuildFile; fileRef = 71B393981D1C15EB0033827A /* Icon-76@2x.png */; };
		71B393C01D1C15EB0033827A /* Icon-Small-40.png in Resources */ = {isa = PBXBuildFile; fileRef = 71B393991D1C15EB0033827A /* Icon-Small-40.png */; };
		71B393C11D1C15EB0033827A /* Icon-Small-40@2x.png in Resources */ = {isa = PBXBuildFile; fileRef = 71B3939A1D1C15EB0033827A /* Icon-Small-40@2x.png */; };
		71B393C21D1C15EB0033827A /* Icon-Small-40@3x.png in Resources */ = {isa = PBXBuildFile; fileRef = 71B3939B1D1C15EB0033827A /* Icon-Small-40@3x.png */; };
		71B393C31D1C15EB0033827A /* Icon-Small-50.png in Resources */ = {isa = PBXBuildFile; fileRef = 71B3939C1D1C15EB0033827A /* Icon-Small-50.png */; };
		71B393C41D1C15EB0033827A /* Icon-Small-50@2x.png in Resources */ = {isa = PBXBuildFile; fileRef = 71B3939D1D1C15EB0033827A /* Icon-Small-50@2x.png */; };
		71B393C51D1C15EB0033827A /* Icon-Small.png in Resources */ = {isa = PBXBuildFile; fileRef = 71B3939E1D1C15EB0033827A /* Icon-Small.png */; };
		71B393C61D1C15EB0033827A /* Icon-Small@2x.png in Resources */ = {isa = PBXBuildFile; fileRef = 71B3939F1D1C15EB0033827A /* Icon-Small@2x.png */; };
		71B393C71D1C15EB0033827A /* Icon-Small@3x.png in Resources */ = {isa = PBXBuildFile; fileRef = 71B393A01D1C15EB0033827A /* Icon-Small@3x.png */; };
		71B393C81D1C15EB0033827A /* Icon.png in Resources */ = {isa = PBXBuildFile; fileRef = 71B393A11D1C15EB0033827A /* Icon.png */; };
		71B393C91D1C15EB0033827A /* Icon@2x.png in Resources */ = {isa = PBXBuildFile; fileRef = 71B393A21D1C15EB0033827A /* Icon@2x.png */; };
		71F77ADE1D0A00FC0076472F /* SWRevealViewController.m in Sources */ = {isa = PBXBuildFile; fileRef = 71F77ADD1D0A00FC0076472F /* SWRevealViewController.m */; };
/* End PBXBuildFile section */

/* Begin PBXContainerItemProxy section */
		7107A8781D09D8A300DD3690 /* PBXContainerItemProxy */ = {
			isa = PBXContainerItemProxy;
			containerPortal = 7107A85B1D09D8A200DD3690 /* Project object */;
			proxyType = 1;
			remoteGlobalIDString = 7107A8621D09D8A200DD3690;
			remoteInfo = MyGithub;
		};
		7107A8831D09D8A300DD3690 /* PBXContainerItemProxy */ = {
			isa = PBXContainerItemProxy;
			containerPortal = 7107A85B1D09D8A200DD3690 /* Project object */;
			proxyType = 1;
			remoteGlobalIDString = 7107A8621D09D8A200DD3690;
			remoteInfo = MyGithub;
		};
/* End PBXContainerItemProxy section */

/* Begin PBXFileReference section */
		7107A8631D09D8A200DD3690 /* MyGithub.app */ = {isa = PBXFileReference; explicitFileType = wrapper.application; includeInIndex = 0; path = MyGithub.app; sourceTree = BUILT_PRODUCTS_DIR; };
		7107A8661D09D8A200DD3690 /* AppDelegate.swift */ = {isa = PBXFileReference; lastKnownFileType = sourcecode.swift; path = AppDelegate.swift; sourceTree = "<group>"; };
		7107A8681D09D8A200DD3690 /* ProfileTableViewController.swift */ = {isa = PBXFileReference; lastKnownFileType = sourcecode.swift; path = ProfileTableViewController.swift; sourceTree = "<group>"; };
		7107A86B1D09D8A200DD3690 /* Base */ = {isa = PBXFileReference; lastKnownFileType = file.storyboard; name = Base; path = Base.lproj/Main.storyboard; sourceTree = "<group>"; };
		7107A86D1D09D8A300DD3690 /* Assets.xcassets */ = {isa = PBXFileReference; lastKnownFileType = folder.assetcatalog; path = Assets.xcassets; sourceTree = "<group>"; };
		7107A8701D09D8A300DD3690 /* Base */ = {isa = PBXFileReference; lastKnownFileType = file.storyboard; name = Base; path = Base.lproj/LaunchScreen.storyboard; sourceTree = "<group>"; };
		7107A8721D09D8A300DD3690 /* Info.plist */ = {isa = PBXFileReference; lastKnownFileType = text.plist.xml; path = Info.plist; sourceTree = "<group>"; };
		7107A8771D09D8A300DD3690 /* MyGithubTests.xctest */ = {isa = PBXFileReference; explicitFileType = wrapper.cfbundle; includeInIndex = 0; path = MyGithubTests.xctest; sourceTree = BUILT_PRODUCTS_DIR; };
		7107A87B1D09D8A300DD3690 /* MyGithubTests.swift */ = {isa = PBXFileReference; lastKnownFileType = sourcecode.swift; path = MyGithubTests.swift; sourceTree = "<group>"; };
		7107A87D1D09D8A300DD3690 /* Info.plist */ = {isa = PBXFileReference; lastKnownFileType = text.plist.xml; path = Info.plist; sourceTree = "<group>"; };
		7107A8821D09D8A300DD3690 /* MyGithubUITests.xctest */ = {isa = PBXFileReference; explicitFileType = wrapper.cfbundle; includeInIndex = 0; path = MyGithubUITests.xctest; sourceTree = BUILT_PRODUCTS_DIR; };
		7107A8861D09D8A300DD3690 /* MyGithubUITests.swift */ = {isa = PBXFileReference; lastKnownFileType = sourcecode.swift; path = MyGithubUITests.swift; sourceTree = "<group>"; };
		7107A8881D09D8A300DD3690 /* Info.plist */ = {isa = PBXFileReference; lastKnownFileType = text.plist.xml; path = Info.plist; sourceTree = "<group>"; };
		71154DA41D0F50E900C38FF1 /* Profile.swift */ = {isa = PBXFileReference; fileEncoding = 4; lastKnownFileType = sourcecode.swift; path = Profile.swift; sourceTree = "<group>"; };
		71154DA61D0F6BAE00C38FF1 /* Repository.swift */ = {isa = PBXFileReference; fileEncoding = 4; lastKnownFileType = sourcecode.swift; path = Repository.swift; sourceTree = "<group>"; };
		713DF85F1D0B3E40005262CE /* RepositoriesTableViewController.swift */ = {isa = PBXFileReference; fileEncoding = 4; lastKnownFileType = sourcecode.swift; path = RepositoriesTableViewController.swift; sourceTree = "<group>"; };
		713DF8611D0B4050005262CE /* IssuesTableViewController.swift */ = {isa = PBXFileReference; fileEncoding = 4; lastKnownFileType = sourcecode.swift; path = IssuesTableViewController.swift; sourceTree = "<group>"; };
		713DF8681D0B414D005262CE /* RepositoryTableViewCell.swift */ = {isa = PBXFileReference; fileEncoding = 4; lastKnownFileType = sourcecode.swift; path = RepositoryTableViewCell.swift; sourceTree = "<group>"; };
		713DF86A1D0B4162005262CE /* IssuesTableViewCell.swift */ = {isa = PBXFileReference; fileEncoding = 4; lastKnownFileType = sourcecode.swift; path = IssuesTableViewCell.swift; sourceTree = "<group>"; };
		713DF88A1D0B553B005262CE /* RequestKit.framework */ = {isa = PBXFileReference; lastKnownFileType = wrapper.framework; name = RequestKit.framework; path = "../../../../Library/Developer/Xcode/DerivedData/MyGithub-avqjnspkubijgldaroigyscekwzo/Build/Products/Debug-iphonesimulator/RequestKit.framework"; sourceTree = "<group>"; };
		715366DE1D10BFD40090F8B2 /* TimestampHelper.swift */ = {isa = PBXFileReference; fileEncoding = 4; lastKnownFileType = sourcecode.swift; path = TimestampHelper.swift; sourceTree = "<group>"; };
		715366E01D11135E0090F8B2 /* NewIssueTableViewController.swift */ = {isa = PBXFileReference; fileEncoding = 4; lastKnownFileType = sourcecode.swift; path = NewIssueTableViewController.swift; sourceTree = "<group>"; };
		715366E21D113D400090F8B2 /* IssueDetailTableViewController.swift */ = {isa = PBXFileReference; fileEncoding = 4; lastKnownFileType = sourcecode.swift; path = IssueDetailTableViewController.swift; sourceTree = "<group>"; };
		715366E41D1142FA0090F8B2 /* IssueDetailTableViewCell.swift */ = {isa = PBXFileReference; fileEncoding = 4; lastKnownFileType = sourcecode.swift; path = IssueDetailTableViewCell.swift; sourceTree = "<group>"; };
		715366E61D114F220090F8B2 /* AboutTableViewController.swift */ = {isa = PBXFileReference; fileEncoding = 4; lastKnownFileType = sourcecode.swift; path = AboutTableViewController.swift; sourceTree = "<group>"; };
		715366E81D1158530090F8B2 /* EditIssueTableViewController.swift */ = {isa = PBXFileReference; fileEncoding = 4; lastKnownFileType = sourcecode.swift; path = EditIssueTableViewController.swift; sourceTree = "<group>"; };
		715FC7091D0FC7260089F5F0 /* Issue.swift */ = {isa = PBXFileReference; fileEncoding = 4; lastKnownFileType = sourcecode.swift; path = Issue.swift; sourceTree = "<group>"; };
		71B2A0DB1D21874100971943 /* Constants.swift */ = {isa = PBXFileReference; fileEncoding = 4; lastKnownFileType = sourcecode.swift; path = Constants.swift; sourceTree = "<group>"; };
		71B2A0DD1D218E8000971943 /* Colors.swift */ = {isa = PBXFileReference; fileEncoding = 4; lastKnownFileType = sourcecode.swift; path = Colors.swift; sourceTree = "<group>"; };
		71B3937B1D1C15EB0033827A /* Contents.json */ = {isa = PBXFileReference; fileEncoding = 4; lastKnownFileType = text.json; path = Contents.json; sourceTree = "<group>"; };
		71B3937C1D1C15EB0033827A /* Icon-40.png */ = {isa = PBXFileReference; lastKnownFileType = image.png; path = "Icon-40.png"; sourceTree = "<group>"; };
		71B3937D1D1C15EB0033827A /* Icon-40@2x.png */ = {isa = PBXFileReference; lastKnownFileType = image.png; path = "Icon-40@2x.png"; sourceTree = "<group>"; };
		71B3937E1D1C15EB0033827A /* Icon-40@3x.png */ = {isa = PBXFileReference; lastKnownFileType = image.png; path = "Icon-40@3x.png"; sourceTree = "<group>"; };
		71B3937F1D1C15EB0033827A /* Icon-60@2x.png */ = {isa = PBXFileReference; lastKnownFileType = image.png; path = "Icon-60@2x.png"; sourceTree = "<group>"; };
		71B393801D1C15EB0033827A /* Icon-60@3x.png */ = {isa = PBXFileReference; lastKnownFileType = image.png; path = "Icon-60@3x.png"; sourceTree = "<group>"; };
		71B393811D1C15EB0033827A /* Icon-76.png */ = {isa = PBXFileReference; lastKnownFileType = image.png; path = "Icon-76.png"; sourceTree = "<group>"; };
		71B393821D1C15EB0033827A /* Icon-76@2x.png */ = {isa = PBXFileReference; lastKnownFileType = image.png; path = "Icon-76@2x.png"; sourceTree = "<group>"; };
		71B393831D1C15EB0033827A /* Icon-83.5@2x.png */ = {isa = PBXFileReference; lastKnownFileType = image.png; path = "Icon-83.5@2x.png"; sourceTree = "<group>"; };
		71B393841D1C15EB0033827A /* Icon-Small.png */ = {isa = PBXFileReference; lastKnownFileType = image.png; path = "Icon-Small.png"; sourceTree = "<group>"; };
		71B393851D1C15EB0033827A /* Icon-Small@2x.png */ = {isa = PBXFileReference; lastKnownFileType = image.png; path = "Icon-Small@2x.png"; sourceTree = "<group>"; };
		71B393861D1C15EB0033827A /* Icon-Small@3x.png */ = {isa = PBXFileReference; lastKnownFileType = image.png; path = "Icon-Small@3x.png"; sourceTree = "<group>"; };
		71B393871D1C15EB0033827A /* Icon-60.png */ = {isa = PBXFileReference; lastKnownFileType = image.png; path = "Icon-60.png"; sourceTree = "<group>"; };
		71B393881D1C15EB0033827A /* Icon-72.png */ = {isa = PBXFileReference; lastKnownFileType = image.png; path = "Icon-72.png"; sourceTree = "<group>"; };
		71B393891D1C15EB0033827A /* Icon-72@2x.png */ = {isa = PBXFileReference; lastKnownFileType = image.png; path = "Icon-72@2x.png"; sourceTree = "<group>"; };
		71B3938A1D1C15EB0033827A /* Icon-Small-50.png */ = {isa = PBXFileReference; lastKnownFileType = image.png; path = "Icon-Small-50.png"; sourceTree = "<group>"; };
		71B3938B1D1C15EB0033827A /* Icon-Small-50@2x.png */ = {isa = PBXFileReference; lastKnownFileType = image.png; path = "Icon-Small-50@2x.png"; sourceTree = "<group>"; };
		71B3938C1D1C15EB0033827A /* Icon.png */ = {isa = PBXFileReference; lastKnownFileType = image.png; path = Icon.png; sourceTree = "<group>"; };
		71B3938D1D1C15EB0033827A /* Icon@2x.png */ = {isa = PBXFileReference; lastKnownFileType = image.png; path = "Icon@2x.png"; sourceTree = "<group>"; };
		71B3938E1D1C15EB0033827A /* iTunesArtwork.png */ = {isa = PBXFileReference; lastKnownFileType = image.png; path = iTunesArtwork.png; sourceTree = "<group>"; };
		71B3938F1D1C15EB0033827A /* iTunesArtwork@2x.png */ = {isa = PBXFileReference; lastKnownFileType = image.png; path = "iTunesArtwork@2x.png"; sourceTree = "<group>"; };
		71B393901D1C15EB0033827A /* README.md */ = {isa = PBXFileReference; fileEncoding = 4; lastKnownFileType = net.daringfireball.markdown; path = README.md; sourceTree = "<group>"; };
		71B393921D1C15EB0033827A /* Icon-60.png */ = {isa = PBXFileReference; lastKnownFileType = image.png; path = "Icon-60.png"; sourceTree = "<group>"; };
		71B393931D1C15EB0033827A /* Icon-60@2x.png */ = {isa = PBXFileReference; lastKnownFileType = image.png; path = "Icon-60@2x.png"; sourceTree = "<group>"; };
		71B393941D1C15EB0033827A /* Icon-60@3x.png */ = {isa = PBXFileReference; lastKnownFileType = image.png; path = "Icon-60@3x.png"; sourceTree = "<group>"; };
		71B393951D1C15EB0033827A /* Icon-72.png */ = {isa = PBXFileReference; lastKnownFileType = image.png; path = "Icon-72.png"; sourceTree = "<group>"; };
		71B393961D1C15EB0033827A /* Icon-72@2x.png */ = {isa = PBXFileReference; lastKnownFileType = image.png; path = "Icon-72@2x.png"; sourceTree = "<group>"; };
		71B393971D1C15EB0033827A /* Icon-76.png */ = {isa = PBXFileReference; lastKnownFileType = image.png; path = "Icon-76.png"; sourceTree = "<group>"; };
		71B393981D1C15EB0033827A /* Icon-76@2x.png */ = {isa = PBXFileReference; lastKnownFileType = image.png; path = "Icon-76@2x.png"; sourceTree = "<group>"; };
		71B393991D1C15EB0033827A /* Icon-Small-40.png */ = {isa = PBXFileReference; lastKnownFileType = image.png; path = "Icon-Small-40.png"; sourceTree = "<group>"; };
		71B3939A1D1C15EB0033827A /* Icon-Small-40@2x.png */ = {isa = PBXFileReference; lastKnownFileType = image.png; path = "Icon-Small-40@2x.png"; sourceTree = "<group>"; };
		71B3939B1D1C15EB0033827A /* Icon-Small-40@3x.png */ = {isa = PBXFileReference; lastKnownFileType = image.png; path = "Icon-Small-40@3x.png"; sourceTree = "<group>"; };
		71B3939C1D1C15EB0033827A /* Icon-Small-50.png */ = {isa = PBXFileReference; lastKnownFileType = image.png; path = "Icon-Small-50.png"; sourceTree = "<group>"; };
		71B3939D1D1C15EB0033827A /* Icon-Small-50@2x.png */ = {isa = PBXFileReference; lastKnownFileType = image.png; path = "Icon-Small-50@2x.png"; sourceTree = "<group>"; };
		71B3939E1D1C15EB0033827A /* Icon-Small.png */ = {isa = PBXFileReference; lastKnownFileType = image.png; path = "Icon-Small.png"; sourceTree = "<group>"; };
		71B3939F1D1C15EB0033827A /* Icon-Small@2x.png */ = {isa = PBXFileReference; lastKnownFileType = image.png; path = "Icon-Small@2x.png"; sourceTree = "<group>"; };
		71B393A01D1C15EB0033827A /* Icon-Small@3x.png */ = {isa = PBXFileReference; lastKnownFileType = image.png; path = "Icon-Small@3x.png"; sourceTree = "<group>"; };
		71B393A11D1C15EB0033827A /* Icon.png */ = {isa = PBXFileReference; lastKnownFileType = image.png; path = Icon.png; sourceTree = "<group>"; };
		71B393A21D1C15EB0033827A /* Icon@2x.png */ = {isa = PBXFileReference; lastKnownFileType = image.png; path = "Icon@2x.png"; sourceTree = "<group>"; };
		71F77ADB1D0A00FB0076472F /* MyGithub-Bridging-Header.h */ = {isa = PBXFileReference; lastKnownFileType = sourcecode.c.h; path = "MyGithub-Bridging-Header.h"; sourceTree = "<group>"; };
		71F77ADC1D0A00FC0076472F /* SWRevealViewController.h */ = {isa = PBXFileReference; fileEncoding = 4; lastKnownFileType = sourcecode.c.h; path = SWRevealViewController.h; sourceTree = "<group>"; };
		71F77ADD1D0A00FC0076472F /* SWRevealViewController.m */ = {isa = PBXFileReference; fileEncoding = 4; lastKnownFileType = sourcecode.c.objc; path = SWRevealViewController.m; sourceTree = "<group>"; };
		BFC72715336116C1A1397377 /* Pods-MyGithub.debug.xcconfig */ = {isa = PBXFileReference; includeInIndex = 1; lastKnownFileType = text.xcconfig; name = "Pods-MyGithub.debug.xcconfig"; path = "Pods/Target Support Files/Pods-MyGithub/Pods-MyGithub.debug.xcconfig"; sourceTree = "<group>"; };
		E0511C0058B8140B59F02A33 /* Pods_MyGithub.framework */ = {isa = PBXFileReference; explicitFileType = wrapper.framework; includeInIndex = 0; path = Pods_MyGithub.framework; sourceTree = BUILT_PRODUCTS_DIR; };
		E7F4EE5AF43D8B59EF27DEDA /* Pods-MyGithub.release.xcconfig */ = {isa = PBXFileReference; includeInIndex = 1; lastKnownFileType = text.xcconfig; name = "Pods-MyGithub.release.xcconfig"; path = "Pods/Target Support Files/Pods-MyGithub/Pods-MyGithub.release.xcconfig"; sourceTree = "<group>"; };
/* End PBXFileReference section */

/* Begin PBXFrameworksBuildPhase section */
		7107A8601D09D8A200DD3690 /* Frameworks */ = {
			isa = PBXFrameworksBuildPhase;
			buildActionMask = 2147483647;
			files = (
				19354457665C6C0C8AF6FAC3 /* Pods_MyGithub.framework in Frameworks */,
			);
			runOnlyForDeploymentPostprocessing = 0;
		};
		7107A8741D09D8A300DD3690 /* Frameworks */ = {
			isa = PBXFrameworksBuildPhase;
			buildActionMask = 2147483647;
			files = (
			);
			runOnlyForDeploymentPostprocessing = 0;
		};
		7107A87F1D09D8A300DD3690 /* Frameworks */ = {
			isa = PBXFrameworksBuildPhase;
			buildActionMask = 2147483647;
			files = (
			);
			runOnlyForDeploymentPostprocessing = 0;
		};
/* End PBXFrameworksBuildPhase section */

/* Begin PBXGroup section */
		2616C774F855953841CF7346 /* Frameworks */ = {
			isa = PBXGroup;
			children = (
				713DF88A1D0B553B005262CE /* RequestKit.framework */,
				E0511C0058B8140B59F02A33 /* Pods_MyGithub.framework */,
			);
			name = Frameworks;
			sourceTree = "<group>";
		};
		497D83D8FEA3437532FE2B83 /* Pods */ = {
			isa = PBXGroup;
			children = (
				BFC72715336116C1A1397377 /* Pods-MyGithub.debug.xcconfig */,
				E7F4EE5AF43D8B59EF27DEDA /* Pods-MyGithub.release.xcconfig */,
			);
			name = Pods;
			sourceTree = "<group>";
		};
		7107A85A1D09D8A200DD3690 = {
			isa = PBXGroup;
			children = (
				7107A8651D09D8A200DD3690 /* MyGithub */,
				7107A87A1D09D8A300DD3690 /* MyGithubTests */,
				7107A8851D09D8A300DD3690 /* MyGithubUITests */,
				7107A8641D09D8A200DD3690 /* Products */,
				497D83D8FEA3437532FE2B83 /* Pods */,
				2616C774F855953841CF7346 /* Frameworks */,
			);
			sourceTree = "<group>";
		};
		7107A8641D09D8A200DD3690 /* Products */ = {
			isa = PBXGroup;
			children = (
				7107A8631D09D8A200DD3690 /* MyGithub.app */,
				7107A8771D09D8A300DD3690 /* MyGithubTests.xctest */,
				7107A8821D09D8A300DD3690 /* MyGithubUITests.xctest */,
			);
			name = Products;
			sourceTree = "<group>";
		};
		7107A8651D09D8A200DD3690 /* MyGithub */ = {
			isa = PBXGroup;
			children = (
				71B393771D1C15DC0033827A /* Assests */,
				71F77ADA1D0A00C70076472F /* SWRevealViewController */,
				713DF8651D0B40DA005262CE /* Model */,
				713DF8661D0B40EF005262CE /* View */,
				713DF8671D0B40F5005262CE /* Controller */,
				713DF8641D0B409D005262CE /* Supporting Files */,
			);
			path = MyGithub;
			sourceTree = "<group>";
		};
		7107A87A1D09D8A300DD3690 /* MyGithubTests */ = {
			isa = PBXGroup;
			children = (
				7107A87B1D09D8A300DD3690 /* MyGithubTests.swift */,
				7107A87D1D09D8A300DD3690 /* Info.plist */,
			);
			path = MyGithubTests;
			sourceTree = "<group>";
		};
		7107A8851D09D8A300DD3690 /* MyGithubUITests */ = {
			isa = PBXGroup;
			children = (
				7107A8861D09D8A300DD3690 /* MyGithubUITests.swift */,
				7107A8881D09D8A300DD3690 /* Info.plist */,
			);
			path = MyGithubUITests;
			sourceTree = "<group>";
		};
		713DF8641D0B409D005262CE /* Supporting Files */ = {
			isa = PBXGroup;
			children = (
				7107A8661D09D8A200DD3690 /* AppDelegate.swift */,
				7107A86A1D09D8A200DD3690 /* Main.storyboard */,
				7107A86F1D09D8A300DD3690 /* LaunchScreen.storyboard */,
				7107A86D1D09D8A300DD3690 /* Assets.xcassets */,
				71B2A0DB1D21874100971943 /* Constants.swift */,
				715366DE1D10BFD40090F8B2 /* TimestampHelper.swift */,
				71F77ADB1D0A00FB0076472F /* MyGithub-Bridging-Header.h */,
				7107A8721D09D8A300DD3690 /* Info.plist */,
				71B2A0DD1D218E8000971943 /* Colors.swift */,
			);
			name = "Supporting Files";
			sourceTree = "<group>";
		};
		713DF8651D0B40DA005262CE /* Model */ = {
			isa = PBXGroup;
			children = (
				71154DA41D0F50E900C38FF1 /* Profile.swift */,
				71154DA61D0F6BAE00C38FF1 /* Repository.swift */,
				715FC7091D0FC7260089F5F0 /* Issue.swift */,
			);
			name = Model;
			sourceTree = "<group>";
		};
		713DF8661D0B40EF005262CE /* View */ = {
			isa = PBXGroup;
			children = (
				713DF8681D0B414D005262CE /* RepositoryTableViewCell.swift */,
				713DF86A1D0B4162005262CE /* IssuesTableViewCell.swift */,
				715366E41D1142FA0090F8B2 /* IssueDetailTableViewCell.swift */,
			);
			name = View;
			sourceTree = "<group>";
		};
		713DF8671D0B40F5005262CE /* Controller */ = {
			isa = PBXGroup;
			children = (
				715366E61D114F220090F8B2 /* AboutTableViewController.swift */,
				7107A8681D09D8A200DD3690 /* ProfileTableViewController.swift */,
				713DF85F1D0B3E40005262CE /* RepositoriesTableViewController.swift */,
				713DF8611D0B4050005262CE /* IssuesTableViewController.swift */,
				715366E01D11135E0090F8B2 /* NewIssueTableViewController.swift */,
				715366E21D113D400090F8B2 /* IssueDetailTableViewController.swift */,
				715366E81D1158530090F8B2 /* EditIssueTableViewController.swift */,
			);
			name = Controller;
			sourceTree = "<group>";
		};
		71B393771D1C15DC0033827A /* Assests */ = {
			isa = PBXGroup;
			children = (
				71B393781D1C15EB0033827A /* App Icons */,
				71B393911D1C15EB0033827A /* GithubAppIcons */,
			);
			name = Assests;
			sourceTree = "<group>";
		};
		71B393781D1C15EB0033827A /* App Icons */ = {
			isa = PBXGroup;
			children = (
				71B393791D1C15EB0033827A /* ios */,
			);
			path = "App Icons";
			sourceTree = "<group>";
		};
		71B393791D1C15EB0033827A /* ios */ = {
			isa = PBXGroup;
			children = (
				71B3937A1D1C15EB0033827A /* AppIcon.appiconset */,
				71B393871D1C15EB0033827A /* Icon-60.png */,
				71B393881D1C15EB0033827A /* Icon-72.png */,
				71B393891D1C15EB0033827A /* Icon-72@2x.png */,
				71B3938A1D1C15EB0033827A /* Icon-Small-50.png */,
				71B3938B1D1C15EB0033827A /* Icon-Small-50@2x.png */,
				71B3938C1D1C15EB0033827A /* Icon.png */,
				71B3938D1D1C15EB0033827A /* Icon@2x.png */,
				71B3938E1D1C15EB0033827A /* iTunesArtwork.png */,
				71B3938F1D1C15EB0033827A /* iTunesArtwork@2x.png */,
				71B393901D1C15EB0033827A /* README.md */,
			);
			path = ios;
			sourceTree = "<group>";
		};
		71B3937A1D1C15EB0033827A /* AppIcon.appiconset */ = {
			isa = PBXGroup;
			children = (
				71B3937B1D1C15EB0033827A /* Contents.json */,
				71B3937C1D1C15EB0033827A /* Icon-40.png */,
				71B3937D1D1C15EB0033827A /* Icon-40@2x.png */,
				71B3937E1D1C15EB0033827A /* Icon-40@3x.png */,
				71B3937F1D1C15EB0033827A /* Icon-60@2x.png */,
				71B393801D1C15EB0033827A /* Icon-60@3x.png */,
				71B393811D1C15EB0033827A /* Icon-76.png */,
				71B393821D1C15EB0033827A /* Icon-76@2x.png */,
				71B393831D1C15EB0033827A /* Icon-83.5@2x.png */,
				71B393841D1C15EB0033827A /* Icon-Small.png */,
				71B393851D1C15EB0033827A /* Icon-Small@2x.png */,
				71B393861D1C15EB0033827A /* Icon-Small@3x.png */,
			);
			path = AppIcon.appiconset;
			sourceTree = "<group>";
		};
		71B393911D1C15EB0033827A /* GithubAppIcons */ = {
			isa = PBXGroup;
			children = (
				71B393921D1C15EB0033827A /* Icon-60.png */,
				71B393931D1C15EB0033827A /* Icon-60@2x.png */,
				71B393941D1C15EB0033827A /* Icon-60@3x.png */,
				71B393951D1C15EB0033827A /* Icon-72.png */,
				71B393961D1C15EB0033827A /* Icon-72@2x.png */,
				71B393971D1C15EB0033827A /* Icon-76.png */,
				71B393981D1C15EB0033827A /* Icon-76@2x.png */,
				71B393991D1C15EB0033827A /* Icon-Small-40.png */,
				71B3939A1D1C15EB0033827A /* Icon-Small-40@2x.png */,
				71B3939B1D1C15EB0033827A /* Icon-Small-40@3x.png */,
				71B3939C1D1C15EB0033827A /* Icon-Small-50.png */,
				71B3939D1D1C15EB0033827A /* Icon-Small-50@2x.png */,
				71B3939E1D1C15EB0033827A /* Icon-Small.png */,
				71B3939F1D1C15EB0033827A /* Icon-Small@2x.png */,
				71B393A01D1C15EB0033827A /* Icon-Small@3x.png */,
				71B393A11D1C15EB0033827A /* Icon.png */,
				71B393A21D1C15EB0033827A /* Icon@2x.png */,
			);
			path = GithubAppIcons;
			sourceTree = "<group>";
		};
		71F77ADA1D0A00C70076472F /* SWRevealViewController */ = {
			isa = PBXGroup;
			children = (
				71F77ADC1D0A00FC0076472F /* SWRevealViewController.h */,
				71F77ADD1D0A00FC0076472F /* SWRevealViewController.m */,
			);
			name = SWRevealViewController;
			sourceTree = "<group>";
		};
/* End PBXGroup section */

/* Begin PBXNativeTarget section */
		7107A8621D09D8A200DD3690 /* MyGithub */ = {
			isa = PBXNativeTarget;
			buildConfigurationList = 7107A88B1D09D8A300DD3690 /* Build configuration list for PBXNativeTarget "MyGithub" */;
			buildPhases = (
				4330B1D50A4345BB5ED173B8 /* Check Pods Manifest.lock */,
				7107A85F1D09D8A200DD3690 /* Sources */,
				7107A8601D09D8A200DD3690 /* Frameworks */,
				7107A8611D09D8A200DD3690 /* Resources */,
				E452431E2046C8629A525677 /* Embed Pods Frameworks */,
				FEDBBCB1BA375233DF3474BB /* Copy Pods Resources */,
			);
			buildRules = (
			);
			dependencies = (
			);
			name = MyGithub;
			productName = MyGithub;
			productReference = 7107A8631D09D8A200DD3690 /* MyGithub.app */;
			productType = "com.apple.product-type.application";
		};
		7107A8761D09D8A300DD3690 /* MyGithubTests */ = {
			isa = PBXNativeTarget;
			buildConfigurationList = 7107A88E1D09D8A300DD3690 /* Build configuration list for PBXNativeTarget "MyGithubTests" */;
			buildPhases = (
				7107A8731D09D8A300DD3690 /* Sources */,
				7107A8741D09D8A300DD3690 /* Frameworks */,
				7107A8751D09D8A300DD3690 /* Resources */,
			);
			buildRules = (
			);
			dependencies = (
				7107A8791D09D8A300DD3690 /* PBXTargetDependency */,
			);
			name = MyGithubTests;
			productName = MyGithubTests;
			productReference = 7107A8771D09D8A300DD3690 /* MyGithubTests.xctest */;
			productType = "com.apple.product-type.bundle.unit-test";
		};
		7107A8811D09D8A300DD3690 /* MyGithubUITests */ = {
			isa = PBXNativeTarget;
			buildConfigurationList = 7107A8911D09D8A300DD3690 /* Build configuration list for PBXNativeTarget "MyGithubUITests" */;
			buildPhases = (
				7107A87E1D09D8A300DD3690 /* Sources */,
				7107A87F1D09D8A300DD3690 /* Frameworks */,
				7107A8801D09D8A300DD3690 /* Resources */,
			);
			buildRules = (
			);
			dependencies = (
				7107A8841D09D8A300DD3690 /* PBXTargetDependency */,
			);
			name = MyGithubUITests;
			productName = MyGithubUITests;
			productReference = 7107A8821D09D8A300DD3690 /* MyGithubUITests.xctest */;
			productType = "com.apple.product-type.bundle.ui-testing";
		};
/* End PBXNativeTarget section */

/* Begin PBXProject section */
		7107A85B1D09D8A200DD3690 /* Project object */ = {
			isa = PBXProject;
			attributes = {
				LastSwiftUpdateCheck = 0730;
				LastUpgradeCheck = 0730;
				ORGANIZATIONNAME = "David Nadri";
				TargetAttributes = {
					7107A8621D09D8A200DD3690 = {
						CreatedOnToolsVersion = 7.3.1;
					};
					7107A8761D09D8A300DD3690 = {
						CreatedOnToolsVersion = 7.3.1;
						TestTargetID = 7107A8621D09D8A200DD3690;
					};
					7107A8811D09D8A300DD3690 = {
						CreatedOnToolsVersion = 7.3.1;
						TestTargetID = 7107A8621D09D8A200DD3690;
					};
				};
			};
			buildConfigurationList = 7107A85E1D09D8A200DD3690 /* Build configuration list for PBXProject "MyGithub" */;
			compatibilityVersion = "Xcode 3.2";
			developmentRegion = English;
			hasScannedForEncodings = 0;
			knownRegions = (
				en,
				Base,
			);
			mainGroup = 7107A85A1D09D8A200DD3690;
			productRefGroup = 7107A8641D09D8A200DD3690 /* Products */;
			projectDirPath = "";
			projectRoot = "";
			targets = (
				7107A8621D09D8A200DD3690 /* MyGithub */,
				7107A8761D09D8A300DD3690 /* MyGithubTests */,
				7107A8811D09D8A300DD3690 /* MyGithubUITests */,
			);
		};
/* End PBXProject section */

/* Begin PBXResourcesBuildPhase section */
		7107A8611D09D8A200DD3690 /* Resources */ = {
			isa = PBXResourcesBuildPhase;
			buildActionMask = 2147483647;
			files = (
				71B393B21D1C15EB0033827A /* Icon-Small-50.png in Resources */,
				7107A8711D09D8A300DD3690 /* LaunchScreen.storyboard in Resources */,
				71B393B31D1C15EB0033827A /* Icon-Small-50@2x.png in Resources */,
				7107A86E1D09D8A300DD3690 /* Assets.xcassets in Resources */,
				71B393C01D1C15EB0033827A /* Icon-Small-40.png in Resources */,
				71B393B11D1C15EB0033827A /* Icon-72@2x.png in Resources */,
				71B393C21D1C15EB0033827A /* Icon-Small-40@3x.png in Resources */,
				71B393BC1D1C15EB0033827A /* Icon-72.png in Resources */,
				71B393B51D1C15EB0033827A /* Icon@2x.png in Resources */,
				7107A86C1D09D8A200DD3690 /* Main.storyboard in Resources */,
				71B393AE1D1C15EB0033827A /* Icon-Small@3x.png in Resources */,
				71B393AC1D1C15EB0033827A /* Icon-Small.png in Resources */,
				71B393C81D1C15EB0033827A /* Icon.png in Resources */,
				71B393B61D1C15EB0033827A /* iTunesArtwork.png in Resources */,
				71B393B91D1C15EB0033827A /* Icon-60.png in Resources */,
				71B393BF1D1C15EB0033827A /* Icon-76@2x.png in Resources */,
				71B393C51D1C15EB0033827A /* Icon-Small.png in Resources */,
				71B393A51D1C15EB0033827A /* Icon-40@2x.png in Resources */,
				71B393A31D1C15EB0033827A /* Contents.json in Resources */,
				71B393C11D1C15EB0033827A /* Icon-Small-40@2x.png in Resources */,
				71B393C41D1C15EB0033827A /* Icon-Small-50@2x.png in Resources */,
				71B393AB1D1C15EB0033827A /* Icon-83.5@2x.png in Resources */,
				71B393C61D1C15EB0033827A /* Icon-Small@2x.png in Resources */,
				71B393AA1D1C15EB0033827A /* Icon-76@2x.png in Resources */,
				71B393BA1D1C15EB0033827A /* Icon-60@2x.png in Resources */,
				71B393BE1D1C15EB0033827A /* Icon-76.png in Resources */,
				71B393C31D1C15EB0033827A /* Icon-Small-50.png in Resources */,
				71B393B41D1C15EB0033827A /* Icon.png in Resources */,
				71B393C71D1C15EB0033827A /* Icon-Small@3x.png in Resources */,
				71B393A61D1C15EB0033827A /* Icon-40@3x.png in Resources */,
				71B393C91D1C15EB0033827A /* Icon@2x.png in Resources */,
				71B393BD1D1C15EB0033827A /* Icon-72@2x.png in Resources */,
				71B393AF1D1C15EB0033827A /* Icon-60.png in Resources */,
				71B393A81D1C15EB0033827A /* Icon-60@3x.png in Resources */,
				71B393A91D1C15EB0033827A /* Icon-76.png in Resources */,
				71B393B71D1C15EB0033827A /* iTunesArtwork@2x.png in Resources */,
				71B393A41D1C15EB0033827A /* Icon-40.png in Resources */,
				71B393B01D1C15EB0033827A /* Icon-72.png in Resources */,
				71B393BB1D1C15EB0033827A /* Icon-60@3x.png in Resources */,
				71B393A71D1C15EB0033827A /* Icon-60@2x.png in Resources */,
				71B393AD1D1C15EB0033827A /* Icon-Small@2x.png in Resources */,
			);
			runOnlyForDeploymentPostprocessing = 0;
		};
		7107A8751D09D8A300DD3690 /* Resources */ = {
			isa = PBXResourcesBuildPhase;
			buildActionMask = 2147483647;
			files = (
			);
			runOnlyForDeploymentPostprocessing = 0;
		};
		7107A8801D09D8A300DD3690 /* Resources */ = {
			isa = PBXResourcesBuildPhase;
			buildActionMask = 2147483647;
			files = (
			);
			runOnlyForDeploymentPostprocessing = 0;
		};
/* End PBXResourcesBuildPhase section */

/* Begin PBXShellScriptBuildPhase section */
		4330B1D50A4345BB5ED173B8 /* Check Pods Manifest.lock */ = {
			isa = PBXShellScriptBuildPhase;
			buildActionMask = 2147483647;
			files = (
			);
			inputPaths = (
			);
			name = "Check Pods Manifest.lock";
			outputPaths = (
			);
			runOnlyForDeploymentPostprocessing = 0;
			shellPath = /bin/sh;
			shellScript = "diff \"${PODS_ROOT}/../Podfile.lock\" \"${PODS_ROOT}/Manifest.lock\" > /dev/null\nif [[ $? != 0 ]] ; then\n    cat << EOM\nerror: The sandbox is not in sync with the Podfile.lock. Run 'pod install' or update your CocoaPods installation.\nEOM\n    exit 1\nfi\n";
			showEnvVarsInLog = 0;
		};
		E452431E2046C8629A525677 /* Embed Pods Frameworks */ = {
			isa = PBXShellScriptBuildPhase;
			buildActionMask = 2147483647;
			files = (
			);
			inputPaths = (
			);
			name = "Embed Pods Frameworks";
			outputPaths = (
			);
			runOnlyForDeploymentPostprocessing = 0;
			shellPath = /bin/sh;
			shellScript = "\"${SRCROOT}/Pods/Target Support Files/Pods-MyGithub/Pods-MyGithub-frameworks.sh\"\n";
			showEnvVarsInLog = 0;
		};
		FEDBBCB1BA375233DF3474BB /* Copy Pods Resources */ = {
			isa = PBXShellScriptBuildPhase;
			buildActionMask = 2147483647;
			files = (
			);
			inputPaths = (
			);
			name = "Copy Pods Resources";
			outputPaths = (
			);
			runOnlyForDeploymentPostprocessing = 0;
			shellPath = /bin/sh;
			shellScript = "\"${SRCROOT}/Pods/Target Support Files/Pods-MyGithub/Pods-MyGithub-resources.sh\"\n";
			showEnvVarsInLog = 0;
		};
/* End PBXShellScriptBuildPhase section */

/* Begin PBXSourcesBuildPhase section */
		7107A85F1D09D8A200DD3690 /* Sources */ = {
			isa = PBXSourcesBuildPhase;
			buildActionMask = 2147483647;
			files = (
				7107A8691D09D8A200DD3690 /* ProfileTableViewController.swift in Sources */,
				71B2A0DE1D218E8000971943 /* Colors.swift in Sources */,
				71B2A0DC1D21874100971943 /* Constants.swift in Sources */,
				715FC70A1D0FC7260089F5F0 /* Issue.swift in Sources */,
				715366E91D1158530090F8B2 /* EditIssueTableViewController.swift in Sources */,
				71154DA51D0F50E900C38FF1 /* Profile.swift in Sources */,
				713DF86B1D0B4162005262CE /* IssuesTableViewCell.swift in Sources */,
				7107A8671D09D8A200DD3690 /* AppDelegate.swift in Sources */,
				71B393B81D1C15EB0033827A /* README.md in Sources */,
				715366E51D1142FA0090F8B2 /* IssueDetailTableViewCell.swift in Sources */,
				715366E11D11135E0090F8B2 /* NewIssueTableViewController.swift in Sources */,
				713DF8621D0B4050005262CE /* IssuesTableViewController.swift in Sources */,
				713DF8691D0B414D005262CE /* RepositoryTableViewCell.swift in Sources */,
				715366DF1D10BFD40090F8B2 /* TimestampHelper.swift in Sources */,
				715366E71D114F220090F8B2 /* AboutTableViewController.swift in Sources */,
				715366E31D113D400090F8B2 /* IssueDetailTableViewController.swift in Sources */,
				71154DA71D0F6BAE00C38FF1 /* Repository.swift in Sources */,
				71F77ADE1D0A00FC0076472F /* SWRevealViewController.m in Sources */,
				713DF8601D0B3E40005262CE /* RepositoriesTableViewController.swift in Sources */,
			);
			runOnlyForDeploymentPostprocessing = 0;
		};
		7107A8731D09D8A300DD3690 /* Sources */ = {
			isa = PBXSourcesBuildPhase;
			buildActionMask = 2147483647;
			files = (
				7107A87C1D09D8A300DD3690 /* MyGithubTests.swift in Sources */,
			);
			runOnlyForDeploymentPostprocessing = 0;
		};
		7107A87E1D09D8A300DD3690 /* Sources */ = {
			isa = PBXSourcesBuildPhase;
			buildActionMask = 2147483647;
			files = (
				7107A8871D09D8A300DD3690 /* MyGithubUITests.swift in Sources */,
			);
			runOnlyForDeploymentPostprocessing = 0;
		};
/* End PBXSourcesBuildPhase section */

/* Begin PBXTargetDependency section */
		7107A8791D09D8A300DD3690 /* PBXTargetDependency */ = {
			isa = PBXTargetDependency;
			target = 7107A8621D09D8A200DD3690 /* MyGithub */;
			targetProxy = 7107A8781D09D8A300DD3690 /* PBXContainerItemProxy */;
		};
		7107A8841D09D8A300DD3690 /* PBXTargetDependency */ = {
			isa = PBXTargetDependency;
			target = 7107A8621D09D8A200DD3690 /* MyGithub */;
			targetProxy = 7107A8831D09D8A300DD3690 /* PBXContainerItemProxy */;
		};
/* End PBXTargetDependency section */

/* Begin PBXVariantGroup section */
		7107A86A1D09D8A200DD3690 /* Main.storyboard */ = {
			isa = PBXVariantGroup;
			children = (
				7107A86B1D09D8A200DD3690 /* Base */,
			);
			name = Main.storyboard;
			sourceTree = "<group>";
		};
		7107A86F1D09D8A300DD3690 /* LaunchScreen.storyboard */ = {
			isa = PBXVariantGroup;
			children = (
				7107A8701D09D8A300DD3690 /* Base */,
			);
			name = LaunchScreen.storyboard;
			sourceTree = "<group>";
		};
/* End PBXVariantGroup section */

/* Begin XCBuildConfiguration section */
		7107A8891D09D8A300DD3690 /* Debug */ = {
			isa = XCBuildConfiguration;
			buildSettings = {
				ALWAYS_SEARCH_USER_PATHS = NO;
				CLANG_ANALYZER_NONNULL = YES;
				CLANG_CXX_LANGUAGE_STANDARD = "gnu++0x";
				CLANG_CXX_LIBRARY = "libc++";
				CLANG_ENABLE_MODULES = YES;
				CLANG_ENABLE_OBJC_ARC = YES;
				CLANG_WARN_BOOL_CONVERSION = YES;
				CLANG_WARN_CONSTANT_CONVERSION = YES;
				CLANG_WARN_DIRECT_OBJC_ISA_USAGE = YES_ERROR;
				CLANG_WARN_EMPTY_BODY = YES;
				CLANG_WARN_ENUM_CONVERSION = YES;
				CLANG_WARN_INT_CONVERSION = YES;
				CLANG_WARN_OBJC_ROOT_CLASS = YES_ERROR;
				CLANG_WARN_UNREACHABLE_CODE = YES;
				CLANG_WARN__DUPLICATE_METHOD_MATCH = YES;
				"CODE_SIGN_IDENTITY[sdk=iphoneos*]" = "iPhone Developer";
				COPY_PHASE_STRIP = NO;
				DEBUG_INFORMATION_FORMAT = dwarf;
				ENABLE_STRICT_OBJC_MSGSEND = YES;
				ENABLE_TESTABILITY = YES;
				GCC_C_LANGUAGE_STANDARD = gnu99;
				GCC_DYNAMIC_NO_PIC = NO;
				GCC_NO_COMMON_BLOCKS = YES;
				GCC_OPTIMIZATION_LEVEL = 0;
				GCC_PREPROCESSOR_DEFINITIONS = (
					"DEBUG=1",
					"$(inherited)",
				);
				GCC_WARN_64_TO_32_BIT_CONVERSION = YES;
				GCC_WARN_ABOUT_RETURN_TYPE = YES_ERROR;
				GCC_WARN_UNDECLARED_SELECTOR = YES;
				GCC_WARN_UNINITIALIZED_AUTOS = YES_AGGRESSIVE;
				GCC_WARN_UNUSED_FUNCTION = YES;
				GCC_WARN_UNUSED_VARIABLE = YES;
				IPHONEOS_DEPLOYMENT_TARGET = 8.0;
				MTL_ENABLE_DEBUG_INFO = YES;
				ONLY_ACTIVE_ARCH = YES;
				SDKROOT = iphoneos;
				SWIFT_OPTIMIZATION_LEVEL = "-Onone";
				TARGETED_DEVICE_FAMILY = 2;
			};
			name = Debug;
		};
		7107A88A1D09D8A300DD3690 /* Release */ = {
			isa = XCBuildConfiguration;
			buildSettings = {
				ALWAYS_SEARCH_USER_PATHS = NO;
				CLANG_ANALYZER_NONNULL = YES;
				CLANG_CXX_LANGUAGE_STANDARD = "gnu++0x";
				CLANG_CXX_LIBRARY = "libc++";
				CLANG_ENABLE_MODULES = YES;
				CLANG_ENABLE_OBJC_ARC = YES;
				CLANG_WARN_BOOL_CONVERSION = YES;
				CLANG_WARN_CONSTANT_CONVERSION = YES;
				CLANG_WARN_DIRECT_OBJC_ISA_USAGE = YES_ERROR;
				CLANG_WARN_EMPTY_BODY = YES;
				CLANG_WARN_ENUM_CONVERSION = YES;
				CLANG_WARN_INT_CONVERSION = YES;
				CLANG_WARN_OBJC_ROOT_CLASS = YES_ERROR;
				CLANG_WARN_UNREACHABLE_CODE = YES;
				CLANG_WARN__DUPLICATE_METHOD_MATCH = YES;
				"CODE_SIGN_IDENTITY[sdk=iphoneos*]" = "iPhone Developer";
				COPY_PHASE_STRIP = NO;
				DEBUG_INFORMATION_FORMAT = "dwarf-with-dsym";
				ENABLE_NS_ASSERTIONS = NO;
				ENABLE_STRICT_OBJC_MSGSEND = YES;
				GCC_C_LANGUAGE_STANDARD = gnu99;
				GCC_NO_COMMON_BLOCKS = YES;
				GCC_WARN_64_TO_32_BIT_CONVERSION = YES;
				GCC_WARN_ABOUT_RETURN_TYPE = YES_ERROR;
				GCC_WARN_UNDECLARED_SELECTOR = YES;
				GCC_WARN_UNINITIALIZED_AUTOS = YES_AGGRESSIVE;
				GCC_WARN_UNUSED_FUNCTION = YES;
				GCC_WARN_UNUSED_VARIABLE = YES;
				IPHONEOS_DEPLOYMENT_TARGET = 8.0;
				MTL_ENABLE_DEBUG_INFO = NO;
				SDKROOT = iphoneos;
				TARGETED_DEVICE_FAMILY = 2;
				VALIDATE_PRODUCT = YES;
			};
			name = Release;
		};
		7107A88C1D09D8A300DD3690 /* Debug */ = {
			isa = XCBuildConfiguration;
			baseConfigurationReference = BFC72715336116C1A1397377 /* Pods-MyGithub.debug.xcconfig */;
			buildSettings = {
				ASSETCATALOG_COMPILER_APPICON_NAME = AppIcon;
				CLANG_ENABLE_MODULES = YES;
				CODE_SIGN_IDENTITY = "iPhone Developer";
				INFOPLIST_FILE = MyGithub/Info.plist;
				IPHONEOS_DEPLOYMENT_TARGET = 9.0;
				LD_RUNPATH_SEARCH_PATHS = "$(inherited) @executable_path/Frameworks";
				PRODUCT_BUNDLE_IDENTIFIER = "David-Nadri.MyGithub";
				PRODUCT_NAME = "$(TARGET_NAME)";
				SWIFT_OBJC_BRIDGING_HEADER = "MyGithub/MyGithub-Bridging-Header.h";
				SWIFT_OPTIMIZATION_LEVEL = "-Onone";
			};
			name = Debug;
		};
		7107A88D1D09D8A300DD3690 /* Release */ = {
			isa = XCBuildConfiguration;
			baseConfigurationReference = E7F4EE5AF43D8B59EF27DEDA /* Pods-MyGithub.release.xcconfig */;
			buildSettings = {
				ASSETCATALOG_COMPILER_APPICON_NAME = AppIcon;
				CLANG_ENABLE_MODULES = YES;
				CODE_SIGN_IDENTITY = "iPhone Developer";
				INFOPLIST_FILE = MyGithub/Info.plist;
				IPHONEOS_DEPLOYMENT_TARGET = 9.0;
				LD_RUNPATH_SEARCH_PATHS = "$(inherited) @executable_path/Frameworks";
				PRODUCT_BUNDLE_IDENTIFIER = "David-Nadri.MyGithub";
				PRODUCT_NAME = "$(TARGET_NAME)";
				SWIFT_OBJC_BRIDGING_HEADER = "MyGithub/MyGithub-Bridging-Header.h";
			};
			name = Release;
		};
		7107A88F1D09D8A300DD3690 /* Debug */ = {
			isa = XCBuildConfiguration;
			buildSettings = {
				BUNDLE_LOADER = "$(TEST_HOST)";
				INFOPLIST_FILE = MyGithubTests/Info.plist;
				LD_RUNPATH_SEARCH_PATHS = "$(inherited) @executable_path/Frameworks @loader_path/Frameworks";
				PRODUCT_BUNDLE_IDENTIFIER = "David-Nadri.MyGithubTests";
				PRODUCT_NAME = "$(TARGET_NAME)";
				TEST_HOST = "$(BUILT_PRODUCTS_DIR)/MyGithub.app/MyGithub";
			};
			name = Debug;
		};
		7107A8901D09D8A300DD3690 /* Release */ = {
			isa = XCBuildConfiguration;
			buildSettings = {
				BUNDLE_LOADER = "$(TEST_HOST)";
				INFOPLIST_FILE = MyGithubTests/Info.plist;
				LD_RUNPATH_SEARCH_PATHS = "$(inherited) @executable_path/Frameworks @loader_path/Frameworks";
				PRODUCT_BUNDLE_IDENTIFIER = "David-Nadri.MyGithubTests";
				PRODUCT_NAME = "$(TARGET_NAME)";
				TEST_HOST = "$(BUILT_PRODUCTS_DIR)/MyGithub.app/MyGithub";
			};
			name = Release;
		};
		7107A8921D09D8A300DD3690 /* Debug */ = {
			isa = XCBuildConfiguration;
			buildSettings = {
				INFOPLIST_FILE = MyGithubUITests/Info.plist;
				LD_RUNPATH_SEARCH_PATHS = "$(inherited) @executable_path/Frameworks @loader_path/Frameworks";
				PRODUCT_BUNDLE_IDENTIFIER = "David-Nadri.MyGithubUITests";
				PRODUCT_NAME = "$(TARGET_NAME)";
				TEST_TARGET_NAME = MyGithub;
			};
			name = Debug;
		};
		7107A8931D09D8A300DD3690 /* Release */ = {
			isa = XCBuildConfiguration;
			buildSettings = {
				INFOPLIST_FILE = MyGithubUITests/Info.plist;
				LD_RUNPATH_SEARCH_PATHS = "$(inherited) @executable_path/Frameworks @loader_path/Frameworks";
				PRODUCT_BUNDLE_IDENTIFIER = "David-Nadri.MyGithubUITests";
				PRODUCT_NAME = "$(TARGET_NAME)";
				TEST_TARGET_NAME = MyGithub;
			};
			name = Release;
		};
/* End XCBuildConfiguration section */

/* Begin XCConfigurationList section */
		7107A85E1D09D8A200DD3690 /* Build configuration list for PBXProject "MyGithub" */ = {
			isa = XCConfigurationList;
			buildConfigurations = (
				7107A8891D09D8A300DD3690 /* Debug */,
				7107A88A1D09D8A300DD3690 /* Release */,
			);
			defaultConfigurationIsVisible = 0;
			defaultConfigurationName = Release;
		};
		7107A88B1D09D8A300DD3690 /* Build configuration list for PBXNativeTarget "MyGithub" */ = {
			isa = XCConfigurationList;
			buildConfigurations = (
				7107A88C1D09D8A300DD3690 /* Debug */,
				7107A88D1D09D8A300DD3690 /* Release */,
			);
			defaultConfigurationIsVisible = 0;
			defaultConfigurationName = Release;
		};
		7107A88E1D09D8A300DD3690 /* Build configuration list for PBXNativeTarget "MyGithubTests" */ = {
			isa = XCConfigurationList;
			buildConfigurations = (
				7107A88F1D09D8A300DD3690 /* Debug */,
				7107A8901D09D8A300DD3690 /* Release */,
			);
			defaultConfigurationIsVisible = 0;
			defaultConfigurationName = Release;
		};
		7107A8911D09D8A300DD3690 /* Build configuration list for PBXNativeTarget "MyGithubUITests" */ = {
			isa = XCConfigurationList;
			buildConfigurations = (
				7107A8921D09D8A300DD3690 /* Debug */,
				7107A8931D09D8A300DD3690 /* Release */,
			);
			defaultConfigurationIsVisible = 0;
			defaultConfigurationName = Release;
		};
/* End XCConfigurationList section */
	};
	rootObject = 7107A85B1D09D8A200DD3690 /* Project object */;
}
